
Microsoft Visual Studio Solution File, Format Version 12.00
# Visual Studio Version 16
VisualStudioVersion = 16.0.29509.3
MinimumVisualStudioVersion = 10.0.40219.1
Project("{FAE04EC0-301F-11D3-BF4B-00C04F79EFBC}") = "Core-Crud-MVC", "Core-Crud-MVC.csproj", "{7209F31D-F811-4DFC-AE35-1ED0F53A09BE}"
EndProject
Global
	GlobalSection(SolutionConfigurationPlatforms) = preSolution
		Debug|Any CPU = Debug|Any CPU
		Release|Any CPU = Release|Any CPU
	EndGlobalSection
	GlobalSection(ProjectConfigurationPlatforms) = postSolution
		{7209F31D-F811-4DFC-AE35-1ED0F53A09BE}.Debug|Any CPU.ActiveCfg = Debug|Any CPU
		{7209F31D-F811-4DFC-AE35-1ED0F53A09BE}.Debug|Any CPU.Build.0 = Debug|Any CPU
		{7209F31D-F811-4DFC-AE35-1ED0F53A09BE}.Release|Any CPU.ActiveCfg = Release|Any CPU
		{7209F31D-F811-4DFC-AE35-1ED0F53A09BE}.Release|Any CPU.Build.0 = Release|Any CPU
	EndGlobalSection
	GlobalSection(SolutionProperties) = preSolution
		HideSolutionNode = FALSE
	EndGlobalSection
	GlobalSection(ExtensibilityGlobals) = postSolution
		SolutionGuid = {A4E9585E-6BE3-4624-A1C2-0A3AF0C8995D}
	EndGlobalSection
EndGlobal
